Microsoft Visual Studio Solution File, Format Version 12.00
# Visual Studio Version 17
VisualStudioVersion = 17.0.31611.283
MinimumVisualStudioVersion = 10.0.40219.1
Project("{9A19103F-16F7-4668-BE54-9A1E7A4F7556}") = "subtrack.MAUI", "subtrack.MAUI\subtrack.MAUI.csproj", "{CDCB7FEA-8871-4847-B912-E04FC32F61E3}"
EndProject
Project("{9A19103F-16F7-4668-BE54-9A1E7A4F7556}") = "subtrack.DAL", "subtrack.DAL\subtrack.DAL.csproj", "{D131C870-E059-4BD2-AD60-5AFB0B6D81EE}"
EndProject
Project("{2150E333-8FDC-42A3-9474-1A3956D46DE8}") = "Solution Items", "Solution Items", "{29BE4662-B884-4DB2-8211-06EBD93EB0CC}"
	ProjectSection(SolutionItems) = preProject
		docs\mockups.drawio = docs\mockups.drawio
		docs\mockups.png = docs\mockups.png
		README.md = README.md
	EndProjectSection
EndProject
Project("{FAE04EC0-301F-11D3-BF4B-00C04F79EFBC}") = "subtrack.Tests", "subtrack.Tests\subtrack.Tests.csproj", "{AA895297-825C-4084-B7FA-9343F46240A6}"
EndProject
Global
	GlobalSection(SolutionConfigurationPlatforms) = preSolution
		Debug|Any CPU = Debug|Any CPU
		Release|Any CPU = Release|Any CPU
	EndGlobalSection
	GlobalSection(ProjectConfigurationPlatforms) = postSolution
		{CDCB7FEA-8871-4847-B912-E04FC32F61E3}.Debug|Any CPU.ActiveCfg = Debug|Any CPU
		{CDCB7FEA-8871-4847-B912-E04FC32F61E3}.Debug|Any CPU.Build.0 = Debug|Any CPU
		{CDCB7FEA-8871-4847-B912-E04FC32F61E3}.Debug|Any CPU.Deploy.0 = Debug|Any CPU
		{CDCB7FEA-8871-4847-B912-E04FC32F61E3}.Release|Any CPU.ActiveCfg = Release|Any CPU
		{CDCB7FEA-8871-4847-B912-E04FC32F61E3}.Release|Any CPU.Build.0 = Release|Any CPU
		{CDCB7FEA-8871-4847-B912-E04FC32F61E3}.Release|Any CPU.Deploy.0 = Release|Any CPU
		{D131C870-E059-4BD2-AD60-5AFB0B6D81EE}.Debug|Any CPU.ActiveCfg = Debug|Any CPU
		{D131C870-E059-4BD2-AD60-5AFB0B6D81EE}.Debug|Any CPU.Build.0 = Debug|Any CPU
		{D131C870-E059-4BD2-AD60-5AFB0B6D81EE}.Release|Any CPU.ActiveCfg = Release|Any CPU
		{D131C870-E059-4BD2-AD60-5AFB0B6D81EE}.Release|Any CPU.Build.0 = Release|Any CPU
		{AA895297-825C-4084-B7FA-9343F46240A6}.Debug|Any CPU.ActiveCfg = Debug|Any CPU
		{AA895297-825C-4084-B7FA-9343F46240A6}.Debug|Any CPU.Build.0 = Debug|Any CPU
		{AA895297-825C-4084-B7FA-9343F46240A6}.Release|Any CPU.ActiveCfg = Release|Any CPU
		{AA895297-825C-4084-B7FA-9343F46240A6}.Release|Any CPU.Build.0 = Release|Any CPU
	EndGlobalSection
	GlobalSection(SolutionProperties) = preSolution
		HideSolutionNode = FALSE
	EndGlobalSection
	GlobalSection(ExtensibilityGlobals) = postSolution
		SolutionGuid = {61F7FB11-1E47-470C-91E2-47F8143E1572}
	EndGlobalSection
EndGlobal
